
Microsoft Visual Studio Solution File, Format Version 12.00
# Visual Studio Version 17
VisualStudioVersion = 17.1.32210.238
MinimumVisualStudioVersion = 10.0.40219.1
Project("{FAE04EC0-301F-11D3-BF4B-00C04F79EFBC}") = "Milestone2Demo", "Milestone2Demo.csproj", "{C7BF61E3-C3F1-4D68-9262-7C22A0A26417}"
EndProject
Global
	GlobalSection(SolutionConfigurationPlatforms) = preSolution
		Debug|Any CPU = Debug|Any CPU
		Release|Any CPU = Release|Any CPU
	EndGlobalSection
	GlobalSection(ProjectConfigurationPlatforms) = postSolution
		{C7BF61E3-C3F1-4D68-9262-7C22A0A26417}.Debug|Any CPU.ActiveCfg = Debug|Any CPU
		{C7BF61E3-C3F1-4D68-9262-7C22A0A26417}.Debug|Any CPU.Build.0 = Debug|Any CPU
		{C7BF61E3-C3F1-4D68-9262-7C22A0A26417}.Release|Any CPU.ActiveCfg = Release|Any CPU
		{C7BF61E3-C3F1-4D68-9262-7C22A0A26417}.Release|Any CPU.Build.0 = Release|Any CPU
	EndGlobalSection
	GlobalSection(SolutionProperties) = preSolution
		HideSolutionNode = FALSE
	EndGlobalSection
	GlobalSection(ExtensibilityGlobals) = postSolution
		SolutionGuid = {44512C20-2262-4774-9D7C-C7B58EC5300B}
	EndGlobalSection
EndGlobal
